github.com/RaveNoX/go-jsoncommentstrip v1.0.0/go.mod h1:78ihd09MekBnJnxpICcwzCMzGrKSKYe4AqU6PDYYpjk=
github.com/apapsch/go-jsonmerge/v2 v2.0.0 h1:axGnT1gRIfimI7gJifB699GoE/oq+F2MU7Dml6nw9rQ=
github.com/apapsch/go-jsonmerge/v2 v2.0.0/go.mod h1:lvDnEdqiQrp0O42VQGgmlKpxL1AP2+08jFMw88y4klk=
github.com/bmatcuk/doublestar v1.1.1/go.mod h1:UD6OnuiIn0yFxxA2le/rnRU1G4RaI4UvFv1sNto9p6w=
github.com/brutella/dnssd v1.2.14 h1:qLpTnRTm5peo2jA30hqMIbCuWn8x3sFg3e9o9ODOobw=
github.com/brutella/dnssd v1.2.14/go.mod h1:tG4GE8orv6+irE5rdsNgb6MJSxm6cyMUKdC5jmD22gk=
github.com/davecgh/go-spew v1.1.0/go.mod h1:J7Y8YcW2NihsgmVo/mv3lAwl/skON4iLHjSsI+c5H38=
github.com/davecgh/go-spew v1.1.1 h1:vj9j/u1bqnvCEfJOwUhtlOARqs3+rkHYY13jYWTU97c=
github.com/davecgh/go-spew v1.1.1/go.mod h1:J7Y8YcW2NihsgmVo/mv3lAwl/skON4iLHjSsI+c5H38=
github.com/google/uuid v1.6.0 h1:NIvaJDMOsjHA8n1jAhLSgzrAzy1Hgr+hNrb57e+94F0=
github.com/google/uuid v1.6.0/go.mod h1:TIyPZe4MgqvfeYDBFedMoGGpEw/LqOeaOT+nhxU+yHo=
github.com/juju/gnuflag v0.0.0-20171113085948-2ce1bb71843d/go.mod h1:2PavIy+JPciBPrBUjwbNvtwB6RQlve+hkpll6QSNmOE=
github.com/miekg/dns v1.1.61 h1:nLxbwF3XxhwVSm8g9Dghm9MHPaUZuqhPiGL+675ZmEs=
github.com/miekg/dns v1.1.61/go.mod h1:mnAarhS3nWaW+NVP2wTkYVIZyHNJ098SJZUki3eykwQ=
github.com/oapi-codegen/nullable v1.1.0 h1:eAh8JVc5430VtYVnq00Hrbpag9PFRGWLjxR1/3KntMs=
github.com/oapi-codegen/nullable v1.1.0/go.mod h1:KUZ3vUzkmEKY90ksAmit2+5juDIhIZhfDl+0PwOQlFY=
github.com/oapi-codegen/runtime v1.7.0 h1:t7358VYPvNbWJ9gdAkIK/smVeHpBf6yp8VTsaZsb/7k=
github.com/oapi-codegen/runtime v1.7.0/go.mod h1:GwV7hC2hviaMzj+ITfHVRESK5J2W/GefVwIND/bMGvU=
github.com/pmezard/go-difflib v1.0.0 h1:4DBwDE0NGyQoBHbLQYPwSUPoCMWR5BEzIk/f1lZbAQM=
github.com/pmezard/go-difflib v1.0.0/go.mod h1:iKH77koFhYxTK1pcRnkKkqfTogsbg7gZNVY4sRDYZ/4=
github.com/quasilyte/go-ruleguard/dsl v0.3.23 h1:lxjt5B6ZCiBeeNO8/oQsegE6fLeCzuMRoVWSkXC4uvY=
github.com/quasilyte/go-ruleguard/dsl v0.3.23/go.mod h1:KeCP03KrjuSO0H1kTuZQCWlQPulDV6YMIXmpQss17rU=
github.com/spkg/bom v0.0.0-20160624110644-59b7046e48ad/go.mod h1:qLr4V1qq6nMqFKkMo8ZTx3f+BZEkzsRUY10Xsm2mwU0=
github.com/stretchr/objx v0.1.0/go.mod h1:HFkY916IF+rwdDfMAkV7OtwuqBVzrE8GR6GFx+wExME=
github.com/stretchr/testify v1.3.0/go.mod h1:M5WIy9Dh21IEIfnGCwXGc5bZfKNJtfHm1UVUgZn+9EI=
github.com/stretchr/testify v1.11.1 h1:7s2iGBzp5EwR7/aIZr8ao5+dra3wiQyKjjFuvgVKu7U=
github.com/stretchr/testify v1.11.1/go.mod h1:wZwfW3scLgRK+23gO65QZefKpKQRnfz6sD981Nm4B6U=
github.com/tphakala/go-audio-capture v0.4.1 h1:HiqizMth3v5Z67/OVSBpSLZx1Vs3cWGu7uuoNvm0J98=
github.com/tphakala/go-audio-capture v0.4.1/go.mod h1:SqAPzK8oMooweB6m8adpMqz87SRPzqvbloa7Ka0Ov9U=
github.com/tphakala/go-audio-stream v0.3.1-0.20260829075314-e3c95c4c21b3 h1:B6YBAFUpDFuNFJDdUafQF5lIsnh3yexWRoinYsbr/0E=
github.com/tphakala/go-audio-stream v0.3.1-0.20260829075314-e3c95c4c21b3/go.mod h1:b+c7VssYCX2kRhnhcnj2+RV3foI+pp6jE2WvP9fXpL0=
github.com/tphakala/go-opus v1.1.0 h1:SbXQjwI/ZYy6wPXd0fafLTurkUbAhBpaYnvXYtn8uIo=
github.com/tphakala/go-opus v1.1.0/go.mod h1:57hQHipntY2+xK7sycF4CYVSXDLW3V+AiX77iOJlojQ=
github.com/tphakala/simd v1.8.0 h1:VeJhos1/QbYqy3nkBlqU4D9T0OxfUEOJZ8pEzMmVJNc=
github.com/tphakala/simd v1.8.0/go.mod h1:RDX4bQNU8wV5JAYHEkic0l1CcQpBUwV7odEISuOvpUY=
github.com/vishvananda/netlink v1.2.1-beta.2 h1:Llsql0lnQEbHj0I1OuKyp8otXp0r3q0mPkuhwHfStVs=
github.com/vishvananda/netlink v1.2.1-beta.2/go.mod h1:twkDnbuQxJYemMlGd4JFIcuhgX83tXhKS2B/PRMpOho=
github.com/vishvananda/netns v0.0.0-20200728191858-db3c7e526aae h1:4hwBBUfQCFe3Cym0ZtKyq7L16eZUtYKs+BaHDN6mAns=
github.com/vishvananda/netns v0.0.0-20200728191858-db3c7e526aae/go.mod h1:DD4vA1DwXk04H54A1oHXtwZmA0grkVMdPxx/VGLCah0=
golang.org/x/mod v0.18.0 h1:5+9lSbEzPSdWkH32vYPBwEpX8KwDbM52Ud9xBUvNlb0=
golang.org/x/mod v0.18.0/go.mod h1:hTbmBsO62+eylJbnUtE2MGJUyE7QWk4xUqPFrRgJ+7c=
golang.org/x/net v0.55.0 h1:bcvxaJn3e1U6InsFWt1JUq1aSjnRxLzT2rtD2KfkDF8=
golang.org/x/net v0.55.0/go.mod h1:L5U2KuzuOe1lY7Z+aWVIKK6qEeJXnXV9yzGA+WCHJww=
golang.org/x/sync v0.7.0 h1:YsImfSBoP9QPYL0xyKJPq0gcaJdG3rInoqxTWbfQu9M=
golang.org/x/sync v0.7.0/go.mod h1:Czt+wKu1gCyEFDUtn0jG5QVvpJ6rzVqr5aXyt9drQfk=
golang.org/x/sys v0.0.0-20200217220822-9197077df867/go.mod h1:h1NjWce9XRLGQEsW7wpKNCjG9DtNlClVuFLEZdDNbEs=
golang.org/x/sys v0.0.0-20200728102440-3e129f6d46b1/go.mod h1:h1NjWce9XRLGQEsW7wpKNCjG9DtNlClVuFLEZdDNbEs=
golang.org/x/sys v0.47.0 h1:o7XGOvZQCADBQQ4Y7VNq2dRWQR7JmOUW8Kxx4ZsNgWs=
golang.org/x/sys v0.47.0/go.mod h1:4GL1E5IUh+htKOUEOaiffhrAeqysfVGipDYzABqnCmw=
golang.org/x/tools v0.22.0 h1:gqSGLZqv+AI9lIQzniJ0nZDRG5GBPsSi+DRNHWNz6yA=
golang.org/x/tools v0.22.0/go.mod h1:aCwcsjqvq7Yqt6TNyX7QMU2enbQ/Gt0bo6krSeEri+c=
gopkg.in/check.v1 v0.0.0-20161208181325-20d25e280405 h1:yhCVgyC4o1eVCa2tZl7eS0r+SDo693bJlVdllGtEeKM=
gopkg.in/check.v1 v0.0.0-20161208181325-20d25e280405/go.mod h1:Co6ibVJAznAaIkqp8huTwlJQCZ016jof/cbN4VW5Yz0=
gopkg.in/yaml.v3 v3.0.1 h1:fxVm/GzAzEWqLHuvctI91KS9hhNmmWOoWu0XTYJS7CA=
gopkg.in/yaml.v3 v3.0.1/go.mod h1:K4uyk7z7BCEPqu6E+C64Yfv1cQ7kz7rIZviUmN+EgEM=
